// !$*UTF8*$!
{
	archiveVersion = 1;
	classes = {
	};
	objectVersion = 56;
	objects = {

/* Begin PBXBuildFile section */
		13B6E7192A7D78F200E4D931 /* AppDelegate.swift in Sources */ = {isa = PBXBuildFile; fileRef = 13B6E7182A7D78F200E4D931 /* AppDelegate.swift */; };
		13B6E71B2A7D78F200E4D931 /* SceneDelegate.swift in Sources */ = {isa = PBXBuildFile; fileRef = 13B6E71A2A7D78F200E4D931 /* SceneDelegate.swift */; };
		13B6E71D2A7D78F200E4D931 /* ViewController.swift in Sources */ = {isa = PBXBuildFile; fileRef = 13B6E71C2A7D78F200E4D931 /* ViewController.swift */; };
		13B6E7202A7D78F200E4D931 /* Main.storyboard in Resources */ = {isa = PBXBuildFile; fileRef = 13B6E71E2A7D78F200E4D931 /* Main.storyboard */; };
		13B6E7222A7D78FA00E4D931 /* Assets.xcassets in Resources */ = {isa = PBXBuildFile; fileRef = 13B6E7212A7D78FA00E4D931 /* Assets.xcassets */; };
		13B6E7252A7D78FA00E4D931 /* LaunchScreen.storyboard in Resources */ = {isa = PBXBuildFile; fileRef = 13B6E7232A7D78FA00E4D931 /* LaunchScreen.storyboard */; };
		13B6E7302A7D78FB00E4D931 /* colormatchTests.swift in Sources */ = {isa = PBXBuildFile; fileRef = 13B6E72F2A7D78FB00E4D931 /* colormatchTests.swift */; };
		13B6E73A2A7D78FB00E4D931 /* colormatchUITests.swift in Sources */ = {isa = PBXBuildFile; fileRef = 13B6E7392A7D78FB00E4D931 /* colormatchUITests.swift */; };
		13B6E73C2A7D78FB00E4D931 /* colormatchUITestsLaunchTests.swift in Sources */ = {isa = PBXBuildFile; fileRef = 13B6E73B2A7D78FB00E4D931 /* colormatchUITestsLaunchTests.swift */; };
/* End PBXBuildFile section */

/* Begin PBXContainerItemProxy section */
		13B6E72C2A7D78FB00E4D931 /* PBXContainerItemProxy */ = {
			isa = PBXContainerItemProxy;
			containerPortal = 13B6E70D2A7D78F200E4D931 /* Project object */;
			proxyType = 1;
			remoteGlobalIDString = 13B6E7142A7D78F200E4D931;
			remoteInfo = colormatch;
		};
		13B6E7362A7D78FB00E4D931 /* PBXContainerItemProxy */ = {
			isa = PBXContainerItemProxy;
			containerPortal = 13B6E70D2A7D78F200E4D931 /* Project object */;
			proxyType = 1;
			remoteGlobalIDString = 13B6E7142A7D78F200E4D931;
			remoteInfo = colormatch;
		};
/* End PBXContainerItemProxy section */

/* Begin PBXFileReference section */
		13B6E7152A7D78F200E4D931 /* colormatch.app */ = {isa = PBXFileReference; explicitFileType = wrapper.application; includeInIndex = 0; path = colormatch.app; sourceTree = BUILT_PRODUCTS_DIR; };
		13B6E7182A7D78F200E4D931 /* AppDelegate.swift */ = {isa = PBXFileReference; lastKnownFileType = sourcecode.swift; path = AppDelegate.swift; sourceTree = "<group>"; };
		13B6E71A2A7D78F200E4D931 /* SceneDelegate.swift */ = {isa = PBXFileReference; lastKnownFileType = sourcecode.swift; path = SceneDelegate.swift; sourceTree = "<group>"; };
		13B6E71C2A7D78F200E4D931 /* ViewController.swift */ = {isa = PBXFileReference; lastKnownFileType = sourcecode.swift; path = ViewController.swift; sourceTree = "<group>"; };
		13B6E71F2A7D78F200E4D931 /* Base */ = {isa = PBXFileReference; lastKnownFileType = file.storyboard; name = Base; path = Base.lproj/Main.storyboard; sourceTree = "<group>"; };
		13B6E7212A7D78FA00E4D931 /* Assets.xcassets */ = {isa = PBXFileReference; lastKnownFileType = folder.assetcatalog; path = Assets.xcassets; sourceTree = "<group>"; };
		13B6E7242A7D78FA00E4D931 /* Base */ = {isa = PBXFileReference; lastKnownFileType = file.storyboard; name = Base; path = Base.lproj/LaunchScreen.storyboard; sourceTree = "<group>"; };
		13B6E7262A7D78FA00E4D931 /* Info.plist */ = {isa = PBXFileReference; lastKnownFileType = text.plist.xml; path = Info.plist; sourceTree = "<group>"; };
		13B6E72B2A7D78FB00E4D931 /* colormatchTests.xctest */ = {isa = PBXFileReference; explicitFileType = wrapper.cfbundle; includeInIndex = 0; path = colormatchTests.xctest; sourceTree = BUILT_PRODUCTS_DIR; };
		13B6E72F2A7D78FB00E4D931 /* colormatchTests.swift */ = {isa = PBXFileReference; lastKnownFileType = sourcecode.swift; path = colormatchTests.swift; sourceTree = "<group>"; };
		13B6E7352A7D78FB00E4D931 /* colormatchUITests.xctest */ = {isa = PBXFileReference; explicitFileType = wrapper.cfbundle; includeInIndex = 0; path = colormatchUITests.xctest; sourceTree = BUILT_PRODUCTS_DIR; };
		13B6E7392A7D78FB00E4D931 /* colormatchUITests.swift */ = {isa = PBXFileReference; lastKnownFileType = sourcecode.swift; path = colormatchUITests.swift; sourceTree = "<group>"; };
		13B6E73B2A7D78FB00E4D931 /* colormatchUITestsLaunchTests.swift */ = {isa = PBXFileReference; lastKnownFileType = sourcecode.swift; path = colormatchUITestsLaunchTests.swift; sourceTree = "<group>"; };
/* End PBXFileReference section */

/* Begin PBXFrameworksBuildPhase section */
		13B6E7122A7D78F200E4D931 /* Frameworks */ = {
			isa = PBXFrameworksBuildPhase;
			buildActionMask = 2147483647;
			files = (
			);
			runOnlyForDeploymentPostprocessing = 0;
		};
		13B6E7282A7D78FB00E4D931 /* Frameworks */ = {
			isa = PBXFrameworksBuildPhase;
			buildActionMask = 2147483647;
			files = (
			);
			runOnlyForDeploymentPostprocessing = 0;
		};
		13B6E7322A7D78FB00E4D931 /* Frameworks */ = {
			isa = PBXFrameworksBuildPhase;
			buildActionMask = 2147483647;
			files = (
			);
			runOnlyForDeploymentPostprocessing = 0;
		};
/* End PBXFrameworksBuildPhase section */

/* Begin PBXGroup section */
		13B6E70C2A7D78F200E4D931 = {
			isa = PBXGroup;
			children = (
				13B6E7172A7D78F200E4D931 /* colormatch */,
				13B6E72E2A7D78FB00E4D931 /* colormatchTests */,
				13B6E7382A7D78FB00E4D931 /* colormatchUITests */,
				13B6E7162A7D78F200E4D931 /* Products */,
			);
			sourceTree = "<group>";
		};
		13B6E7162A7D78F200E4D931 /* Products */ = {
			isa = PBXGroup;
			children = (
				13B6E7152A7D78F200E4D931 /* colormatch.app */,
				13B6E72B2A7D78FB00E4D931 /* colormatchTests.xctest */,
				13B6E7352A7D78FB00E4D931 /* colormatchUITests.xctest */,
			);
			name = Products;
			sourceTree = "<group>";
		};
		13B6E7172A7D78F200E4D931 /* colormatch */ = {
			isa = PBXGroup;
			children = (
				13B6E7182A7D78F200E4D931 /* AppDelegate.swift */,
				13B6E71A2A7D78F200E4D931 /* SceneDelegate.swift */,
				13B6E71C2A7D78F200E4D931 /* ViewController.swift */,
				13B6E71E2A7D78F200E4D931 /* Main.storyboard */,
				13B6E7212A7D78FA00E4D931 /* Assets.xcassets */,
				13B6E7232A7D78FA00E4D931 /* LaunchScreen.storyboard */,
				13B6E7262A7D78FA00E4D931 /* Info.plist */,
			);
			path = colormatch;
			sourceTree = "<group>";
		};
		13B6E72E2A7D78FB00E4D931 /* colormatchTests */ = {
			isa = PBXGroup;
			children = (
				13B6E72F2A7D78FB00E4D931 /* colormatchTests.swift */,
			);
			path = colormatchTests;
			sourceTree = "<group>";
		};
		13B6E7382A7D78FB00E4D931 /* colormatchUITests */ = {
			isa = PBXGroup;
			children = (
				13B6E7392A7D78FB00E4D931 /* colormatchUITests.swift */,
				13B6E73B2A7D78FB00E4D931 /* colormatchUITestsLaunchTests.swift */,
			);
			path = colormatchUITests;
			sourceTree = "<group>";
		};
/* End PBXGroup section */

/* Begin PBXNativeTarget section */
		13B6E7142A7D78F200E4D931 /* colormatch */ = {
			isa = PBXNativeTarget;
			buildConfigurationList = 13B6E73F2A7D78FB00E4D931 /* Build configuration list for PBXNativeTarget "colormatch" */;
			buildPhases = (
				13B6E7112A7D78F200E4D931 /* Sources */,
				13B6E7122A7D78F200E4D931 /* Frameworks */,
				13B6E7132A7D78F200E4D931 /* Resources */,
			);
			buildRules = (
			);
			dependencies = (
			);
			name = colormatch;
			productName = colormatch;
			productReference = 13B6E7152A7D78F200E4D931 /* colormatch.app */;
			productType = "com.apple.product-type.application";
		};
		13B6E72A2A7D78FB00E4D931 /* colormatchTests */ = {
			isa = PBXNativeTarget;
			buildConfigurationList = 13B6E7422A7D78FB00E4D931 /* Build configuration list for PBXNativeTarget "colormatchTests" */;
			buildPhases = (
				13B6E7272A7D78FB00E4D931 /* Sources */,
				13B6E7282A7D78FB00E4D931 /* Frameworks */,
				13B6E7292A7D78FB00E4D931 /* Resources */,
			);
			buildRules = (
			);
			dependencies = (
				13B6E72D2A7D78FB00E4D931 /* PBXTargetDependency */,
			);
			name = colormatchTests;
			productName = colormatchTests;
			productReference = 13B6E72B2A7D78FB00E4D931 /* colormatchTests.xctest */;
			productType = "com.apple.product-type.bundle.unit-test";
		};
		13B6E7342A7D78FB00E4D931 /* colormatchUITests */ = {
			isa = PBXNativeTarget;
			buildConfigurationList = 13B6E7452A7D78FB00E4D931 /* Build configuration list for PBXNativeTarget "colormatchUITests" */;
			buildPhases = (
				13B6E7312A7D78FB00E4D931 /* Sources */,
				13B6E7322A7D78FB00E4D931 /* Frameworks */,
				13B6E7332A7D78FB00E4D931 /* Resources */,
			);
			buildRules = (
			);
			dependencies = (
				13B6E7372A7D78FB00E4D931 /* PBXTargetDependency */,
			);
			name = colormatchUITests;
			productName = colormatchUITests;
			productReference = 13B6E7352A7D78FB00E4D931 /* colormatchUITests.xctest */;
			productType = "com.apple.product-type.bundle.ui-testing";
		};
/* End PBXNativeTarget section */

/* Begin PBXProject section */
		13B6E70D2A7D78F200E4D931 /* Project object */ = {
			isa = PBXProject;
			attributes = {
				BuildIndependentTargetsInParallel = 1;
				LastSwiftUpdateCheck = 1430;
				LastUpgradeCheck = 1430;
				TargetAttributes = {
					13B6E7142A7D78F200E4D931 = {
						CreatedOnToolsVersion = 14.3.1;
					};
					13B6E72A2A7D78FB00E4D931 = {
						CreatedOnToolsVersion = 14.3.1;
						TestTargetID = 13B6E7142A7D78F200E4D931;
					};
					13B6E7342A7D78FB00E4D931 = {
						CreatedOnToolsVersion = 14.3.1;
						TestTargetID = 13B6E7142A7D78F200E4D931;
					};
				};
			};
			buildConfigurationList = 13B6E7102A7D78F200E4D931 /* Build configuration list for PBXProject "colormatch" */;
			compatibilityVersion = "Xcode 14.0";
			developmentRegion = en;
			hasScannedForEncodings = 0;
			knownRegions = (
				en,
				Base,
			);
			mainGroup = 13B6E70C2A7D78F200E4D931;
			productRefGroup = 13B6E7162A7D78F200E4D931 /* Products */;
			projectDirPath = "";
			projectRoot = "";
			targets = (
				13B6E7142A7D78F200E4D931 /* colormatch */,
				13B6E72A2A7D78FB00E4D931 /* colormatchTests */,
				13B6E7342A7D78FB00E4D931 /* colormatchUITests */,
			);
		};
/* End PBXProject section */

/* Begin PBXResourcesBuildPhase section */
		13B6E7132A7D78F200E4D931 /* Resources */ = {
			isa = PBXResourcesBuildPhase;
			buildActionMask = 2147483647;
			files = (
				13B6E7252A7D78FA00E4D931 /* LaunchScreen.storyboard in Resources */,
				13B6E7222A7D78FA00E4D931 /* Assets.xcassets in Resources */,
				13B6E7202A7D78F200E4D931 /* Main.storyboard in Resources */,
			);
			runOnlyForDeploymentPostprocessing = 0;
		};
		13B6E7292A7D78FB00E4D931 /* Resources */ = {
			isa = PBXResourcesBuildPhase;
			buildActionMask = 2147483647;
			files = (
			);
			runOnlyForDeploymentPostprocessing = 0;
		};
		13B6E7332A7D78FB00E4D931 /* Resources */ = {
			isa = PBXResourcesBuildPhase;
			buildActionMask = 2147483647;
			files = (
			);
			runOnlyForDeploymentPostprocessing = 0;
		};
/* End PBXResourcesBuildPhase section */

/* Begin PBXSourcesBuildPhase section */
		13B6E7112A7D78F200E4D931 /* Sources */ = {
			isa = PBXSourcesBuildPhase;
			buildActionMask = 2147483647;
			files = (
				13B6E71D2A7D78F200E4D931 /* ViewController.swift in Sources */,
				13B6E7192A7D78F200E4D931 /* AppDelegate.swift in Sources */,
				13B6E71B2A7D78F200E4D931 /* SceneDelegate.swift in Sources */,
			);
			runOnlyForDeploymentPostprocessing = 0;
		};
		13B6E7272A7D78FB00E4D931 /* Sources */ = {
			isa = PBXSourcesBuildPhase;
			buildActionMask = 2147483647;
			files = (
				13B6E7302A7D78FB00E4D931 /* colormatchTests.swift in Sources */,
			);
			runOnlyForDeploymentPostprocessing = 0;
		};
		13B6E7312A7D78FB00E4D931 /* Sources */ = {
			isa = PBXSourcesBuildPhase;
			buildActionMask = 2147483647;
			files = (
				13B6E73C2A7D78FB00E4D931 /* colormatchUITestsLaunchTests.swift in Sources */,
				13B6E73A2A7D78FB00E4D931 /* colormatchUITests.swift in Sources */,
			);
			runOnlyForDeploymentPostprocessing = 0;
		};
/* End PBXSourcesBuildPhase section */

/* Begin PBXTargetDependency section */
		13B6E72D2A7D78FB00E4D931 /* PBXTargetDependency */ = {
			isa = PBXTargetDependency;
			target = 13B6E7142A7D78F200E4D931 /* colormatch */;
			targetProxy = 13B6E72C2A7D78FB00E4D931 /* PBXContainerItemProxy */;
		};
		13B6E7372A7D78FB00E4D931 /* PBXTargetDependency */ = {
			isa = PBXTargetDependency;
			target = 13B6E7142A7D78F200E4D931 /* colormatch */;
			targetProxy = 13B6E7362A7D78FB00E4D931 /* PBXContainerItemProxy */;
		};
/* End PBXTargetDependency section */

/* Begin PBXVariantGroup section */
		13B6E71E2A7D78F200E4D931 /* Main.storyboard */ = {
			isa = PBXVariantGroup;
			children = (
				13B6E71F2A7D78F200E4D931 /* Base */,
			);
			name = Main.storyboard;
			sourceTree = "<group>";
		};
		13B6E7232A7D78FA00E4D931 /* LaunchScreen.storyboard */ = {
			isa = PBXVariantGroup;
			children = (
				13B6E7242A7D78FA00E4D931 /* Base */,
			);
			name = LaunchScreen.storyboard;
			sourceTree = "<group>";
		};
/* End PBXVariantGroup section */

/* Begin XCBuildConfiguration section */
		13B6E73D2A7D78FB00E4D931 /* Debug */ = {
			isa = XCBuildConfiguration;
			buildSettings = {
				ALWAYS_SEARCH_USER_PATHS = NO;
				CLANG_ANALYZER_NONNULL = YES;
				CLANG_ANALYZER_NUMBER_OBJECT_CONVERSION = YES_AGGRESSIVE;
				CLANG_CXX_LANGUAGE_STANDARD = "gnu++20";
				CLANG_ENABLE_MODULES = YES;
				CLANG_ENABLE_OBJC_ARC = YES;
				CLANG_ENABLE_OBJC_WEAK = YES;
				CLANG_WARN_BLOCK_CAPTURE_AUTORELEASING = YES;
				CLANG_WARN_BOOL_CONVERSION = YES;
				CLANG_WARN_COMMA = YES;
				CLANG_WARN_CONSTANT_CONVERSION = YES;
				CLANG_WARN_DEPRECATED_OBJC_IMPLEMENTATIONS = YES;
				CLANG_WARN_DIRECT_OBJC_ISA_USAGE = YES_ERROR;
				CLANG_WARN_DOCUMENTATION_COMMENTS = YES;
				CLANG_WARN_EMPTY_BODY = YES;
				CLANG_WARN_ENUM_CONVERSION = YES;
				CLANG_WARN_INFINITE_RECURSION = YES;
				CLANG_WARN_INT_CONVERSION = YES;
				CLANG_WARN_NON_LITERAL_NULL_CONVERSION = YES;
				CLANG_WARN_OBJC_IMPLICIT_RETAIN_SELF = YES;
				CLANG_WARN_OBJC_LITERAL_CONVERSION = YES;
				CLANG_WARN_OBJC_ROOT_CLASS = YES_ERROR;
				CLANG_WARN_QUOTED_INCLUDE_IN_FRAMEWORK_HEADER = YES;
				CLANG_WARN_RANGE_LOOP_ANALYSIS = YES;
				CLANG_WARN_STRICT_PROTOTYPES = YES;
				CLANG_WARN_SUSPICIOUS_MOVE = YES;
				CLANG_WARN_UNGUARDED_AVAILABILITY = YES_AGGRESSIVE;
				CLANG_WARN_UNREACHABLE_CODE = YES;
				CLANG_WARN__DUPLICATE_METHOD_MATCH = YES;
				COPY_PHASE_STRIP = NO;
				DEBUG_INFORMATION_FORMAT = dwarf;
				ENABLE_STRICT_OBJC_MSGSEND = YES;
				ENABLE_TESTABILITY = YES;
				GCC_C_LANGUAGE_STANDARD = gnu11;
				GCC_DYNAMIC_NO_PIC = NO;
				GCC_NO_COMMON_BLOCKS = YES;
				GCC_OPTIMIZATION_LEVEL = 0;
				GCC_PREPROCESSOR_DEFINITIONS = (
					"DEBUG=1",
					"$(inherited)",
				);
				GCC_WARN_64_TO_32_BIT_CONVERSION = YES;
				GCC_WARN_ABOUT_RETURN_TYPE = YES_ERROR;
				GCC_WARN_UNDECLARED_SELECTOR = YES;
				GCC_WARN_UNINITIALIZED_AUTOS = YES_AGGRESSIVE;
				GCC_WARN_UNUSED_FUNCTION = YES;
				GCC_WARN_UNUSED_VARIABLE = YES;
				IPHONEOS_DEPLOYMENT_TARGET = 16.4;
				MTL_ENABLE_DEBUG_INFO = INCLUDE_SOURCE;
				MTL_FAST_MATH = YES;
				ONLY_ACTIVE_ARCH = YES;
				SDKROOT = iphoneos;
				SWIFT_ACTIVE_COMPILATION_CONDITIONS = DEBUG;
				SWIFT_OPTIMIZATION_LEVEL = "-Onone";
			};
			name = Debug;
		};
		13B6E73E2A7D78FB00E4D931 /* Release */ = {
			isa = XCBuildConfiguration;
			buildSettings = {
				ALWAYS_SEARCH_USER_PATHS = NO;
				CLANG_ANALYZER_NONNULL = YES;
				CLANG_ANALYZER_NUMBER_OBJECT_CONVERSION = YES_AGGRESSIVE;
				CLANG_CXX_LANGUAGE_STANDARD = "gnu++20";
				CLANG_ENABLE_MODULES = YES;
				CLANG_ENABLE_OBJC_ARC = YES;
				CLANG_ENABLE_OBJC_WEAK = YES;
				CLANG_WARN_BLOCK_CAPTURE_AUTORELEASING = YES;
				CLANG_WARN_BOOL_CONVERSION = YES;
				CLANG_WARN_COMMA = YES;
				CLANG_WARN_CONSTANT_CONVERSION = YES;
				CLANG_WARN_DEPRECATED_OBJC_IMPLEMENTATIONS = YES;
				CLANG_WARN_DIRECT_OBJC_ISA_USAGE = YES_ERROR;
				CLANG_WARN_DOCUMENTATION_COMMENTS = YES;
				CLANG_WARN_EMPTY_BODY = YES;
				CLANG_WARN_ENUM_CONVERSION = YES;
				CLANG_WARN_INFINITE_RECURSION = YES;
				CLANG_WARN_INT_CONVERSION = YES;
				CLANG_WARN_NON_LITERAL_NULL_CONVERSION = YES;
				CLANG_WARN_OBJC_IMPLICIT_RETAIN_SELF = YES;
				CLANG_WARN_OBJC_LITERAL_CONVERSION = YES;
				CLANG_WARN_OBJC_ROOT_CLASS = YES_ERROR;
				CLANG_WARN_QUOTED_INCLUDE_IN_FRAMEWORK_HEADER = YES;
				CLANG_WARN_RANGE_LOOP_ANALYSIS = YES;
				CLANG_WARN_STRICT_PROTOTYPES = YES;
				CLANG_WARN_SUSPICIOUS_MOVE = YES;
				CLANG_WARN_UNGUARDED_AVAILABILITY = YES_AGGRESSIVE;
				CLANG_WARN_UNREACHABLE_CODE = YES;
				CLANG_WARN__DUPLICATE_METHOD_MATCH = YES;
				COPY_PHASE_STRIP = NO;
				DEBUG_INFORMATION_FORMAT = "dwarf-with-dsym";
				ENABLE_NS_ASSERTIONS = NO;
				ENABLE_STRICT_OBJC_MSGSEND = YES;
				GCC_C_LANGUAGE_STANDARD = gnu11;
				GCC_NO_COMMON_BLOCKS = YES;
				GCC_WARN_64_TO_32_BIT_CONVERSION = YES;
				GCC_WARN_ABOUT_RETURN_TYPE = YES_ERROR;
				GCC_WARN_UNDECLARED_SELECTOR = YES;
				GCC_WARN_UNINITIALIZED_AUTOS = YES_AGGRESSIVE;
				GCC_WARN_UNUSED_FUNCTION = YES;
				GCC_WARN_UNUSED_VARIABLE = YES;
				IPHONEOS_DEPLOYMENT_TARGET = 16.4;
				MTL_ENABLE_DEBUG_INFO = NO;
				MTL_FAST_MATH = YES;
				SDKROOT = iphoneos;
				SWIFT_COMPILATION_MODE = wholemodule;
				SWIFT_OPTIMIZATION_LEVEL = "-O";
				VALIDATE_PRODUCT = YES;
			};
			name = Release;
		};
		13B6E7402A7D78FB00E4D931 /* Debug */ = {
			isa = XCBuildConfiguration;
			buildSettings = {
				ASSETCATALOG_COMPILER_APPICON_NAME = AppIcon;
				ASSETCATALOG_COMPILER_GLOBAL_ACCENT_COLOR_NAME = AccentColor;
				CODE_SIGN_STYLE = Automatic;
				CURRENT_PROJECT_VERSION = 1;
				GENERATE_INFOPLIST_FILE = YES;
				INFOPLIST_FILE = colormatch/Info.plist;
				INFOPLIST_KEY_UIApplicationSupportsIndirectInputEvents = YES;
				INFOPLIST_KEY_UILaunchStoryboardName = LaunchScreen;
				INFOPLIST_KEY_UIMainStoryboardFile = Main;
				INFOPLIST_KEY_UISupportedInterfaceOrientations_iPad = "UIInterfaceOrientationPortrait UIInterfaceOrientationPortraitUpsideDown UIInterfaceOrientationLandscapeLeft UIInterfaceOrientationLandscapeRight";
				INFOPLIST_KEY_UISupportedInterfaceOrientations_iPhone = "UIInterfaceOrientationPortrait UIInterfaceOrientationLandscapeLeft UIInterfaceOrientationLandscapeRight";
				LD_RUNPATH_SEARCH_PATHS = (
					"$(inherited)",
					"@executable_path/Frameworks",
				);
				MARKETING_VERSION = 1.0;
				PRODUCT_BUNDLE_IDENTIFIER = moi.colormatch;
				PRODUCT_NAME = "$(TARGET_NAME)";
				SWIFT_EMIT_LOC_STRINGS = YES;
				SWIFT_VERSION = 5.0;
				TARGETED_DEVICE_FAMILY = "1,2";
			};
			name = Debug;
		};
		13B6E7412A7D78FB00E4D931 /* Release */ = {
			isa = XCBuildConfiguration;
			buildSettings = {
				ASSETCATALOG_COMPILER_APPICON_NAME = AppIcon;
				ASSETCATALOG_COMPILER_GLOBAL_ACCENT_COLOR_NAME = AccentColor;
				CODE_SIGN_STYLE = Automatic;
				CURRENT_PROJECT_VERSION = 1;
				GENERATE_INFOPLIST_FILE = YES;
				INFOPLIST_FILE = colormatch/Info.plist;
				INFOPLIST_KEY_UIApplicationSupportsIndirectInputEvents = YES;
				INFOPLIST_KEY_UILaunchStoryboardName = LaunchScreen;
				INFOPLIST_KEY_UIMainStoryboardFile = Main;
				INFOPLIST_KEY_UISupportedInterfaceOrientations_iPad = "UIInterfaceOrientationPortrait UIInterfaceOrientationPortraitUpsideDown UIInterfaceOrientationLandscapeLeft UIInterfaceOrientationLandscapeRight";
				INFOPLIST_KEY_UISupportedInterfaceOrientations_iPhone = "UIInterfaceOrientationPortrait UIInterfaceOrientationLandscapeLeft UIInterfaceOrientationLandscapeRight";
				LD_RUNPATH_SEARCH_PATHS = (
					"$(inherited)",
					"@executable_path/Frameworks",
				);
				MARKETING_VERSION = 1.0;
				PRODUCT_BUNDLE_IDENTIFIER = moi.colormatch;
				PRODUCT_NAME = "$(TARGET_NAME)";
				SWIFT_EMIT_LOC_STRINGS = YES;
				SWIFT_VERSION = 5.0;
				TARGETED_DEVICE_FAMILY = "1,2";
			};
			name = Release;
		};
		13B6E7432A7D78FB00E4D931 /* Debug */ = {
			isa = XCBuildConfiguration;
			buildSettings = {
				ALWAYS_EMBED_SWIFT_STANDARD_LIBRARIES = YES;
				BUNDLE_LOADER = "$(TEST_HOST)";
				CODE_SIGN_STYLE = Automatic;
				CURRENT_PROJECT_VERSION = 1;
				GENERATE_INFOPLIST_FILE = YES;
				IPHONEOS_DEPLOYMENT_TARGET = 16.4;
				MARKETING_VERSION = 1.0;
				PRODUCT_BUNDLE_IDENTIFIER = moi.colormatchTests;
				PRODUCT_NAME = "$(TARGET_NAME)";
				SWIFT_EMIT_LOC_STRINGS = NO;
				SWIFT_VERSION = 5.0;
				TARGETED_DEVICE_FAMILY = "1,2";
				TEST_HOST = "$(BUILT_PRODUCTS_DIR)/colormatch.app/$(BUNDLE_EXECUTABLE_FOLDER_PATH)/colormatch";
			};
			name = Debug;
		};
		13B6E7442A7D78FB00E4D931 /* Release */ = {
			isa = XCBuildConfiguration;
			buildSettings = {
				ALWAYS_EMBED_SWIFT_STANDARD_LIBRARIES = YES;
				BUNDLE_LOADER = "$(TEST_HOST)";
				CODE_SIGN_STYLE = Automatic;
				CURRENT_PROJECT_VERSION = 1;
				GENERATE_INFOPLIST_FILE = YES;
				IPHONEOS_DEPLOYMENT_TARGET = 16.4;
				MARKETING_VERSION = 1.0;
				PRODUCT_BUNDLE_IDENTIFIER = moi.colormatchTests;
				PRODUCT_NAME = "$(TARGET_NAME)";
				SWIFT_EMIT_LOC_STRINGS = NO;
				SWIFT_VERSION = 5.0;
				TARGETED_DEVICE_FAMILY = "1,2";
				TEST_HOST = "$(BUILT_PRODUCTS_DIR)/colormatch.app/$(BUNDLE_EXECUTABLE_FOLDER_PATH)/colormatch";
			};
			name = Release;
		};
		13B6E7462A7D78FB00E4D931 /* Debug */ = {
			isa = XCBuildConfiguration;
			buildSettings = {
				ALWAYS_EMBED_SWIFT_STANDARD_LIBRARIES = YES;
				CODE_SIGN_STYLE = Automatic;
				CURRENT_PROJECT_VERSION = 1;
				GENERATE_INFOPLIST_FILE = YES;
				MARKETING_VERSION = 1.0;
				PRODUCT_BUNDLE_IDENTIFIER = moi.colormatchUITests;
				PRODUCT_NAME = "$(TARGET_NAME)";
				SWIFT_EMIT_LOC_STRINGS = NO;
				SWIFT_VERSION = 5.0;
				TARGETED_DEVICE_FAMILY = "1,2";
				TEST_TARGET_NAME = colormatch;
			};
			name = Debug;
		};
		13B6E7472A7D78FB00E4D931 /* Release */ = {
			isa = XCBuildConfiguration;
			buildSettings = {
				ALWAYS_EMBED_SWIFT_STANDARD_LIBRARIES = YES;
				CODE_SIGN_STYLE = Automatic;
				CURRENT_PROJECT_VERSION = 1;
				GENERATE_INFOPLIST_FILE = YES;
				MARKETING_VERSION = 1.0;
				PRODUCT_BUNDLE_IDENTIFIER = moi.colormatchUITests;
				PRODUCT_NAME = "$(TARGET_NAME)";
				SWIFT_EMIT_LOC_STRINGS = NO;
				SWIFT_VERSION = 5.0;
				TARGETED_DEVICE_FAMILY = "1,2";
				TEST_TARGET_NAME = colormatch;
			};
			name = Release;
		};
/* End XCBuildConfiguration section */

/* Begin XCConfigurationList section */
		13B6E7102A7D78F200E4D931 /* Build configuration list for PBXProject "colormatch" */ = {
			isa = XCConfigurationList;
			buildConfigurations = (
				13B6E73D2A7D78FB00E4D931 /* Debug */,
				13B6E73E2A7D78FB00E4D931 /* Release */,
			);
			defaultConfigurationIsVisible = 0;
			defaultConfigurationName = Release;
		};
		13B6E73F2A7D78FB00E4D931 /* Build configuration list for PBXNativeTarget "colormatch" */ = {
			isa = XCConfigurationList;
			buildConfigurations = (
				13B6E7402A7D78FB00E4D931 /* Debug */,
				13B6E7412A7D78FB00E4D931 /* Release */,
			);
			defaultConfigurationIsVisible = 0;
			defaultConfigurationName = Release;
		};
		13B6E7422A7D78FB00E4D931 /* Build configuration list for PBXNativeTarget "colormatchTests" */ = {
			isa = XCConfigurationList;
			buildConfigurations = (
				13B6E7432A7D78FB00E4D931 /* Debug */,
				13B6E7442A7D78FB00E4D931 /* Release */,
			);
			defaultConfigurationIsVisible = 0;
			defaultConfigurationName = Release;
		};
		13B6E7452A7D78FB00E4D931 /* Build configuration list for PBXNativeTarget "colormatchUITests" */ = {
			isa = XCConfigurationList;
			buildConfigurations = (
				13B6E7462A7D78FB00E4D931 /* Debug */,
				13B6E7472A7D78FB00E4D931 /* Release */,
			);
			defaultConfigurationIsVisible = 0;
			defaultConfigurationName = Release;
		};
/* End XCConfigurationList section */
	};
	rootObject = 13B6E70D2A7D78F200E4D931 /* Project object */;
}
